
Microsoft Visual Studio Solution File, Format Version 12.00
# Visual Studio Version 17
VisualStudioVersion = 17.4.33205.214
MinimumVisualStudioVersion = 10.0.40219.1
Project("{FAE04EC0-301F-11D3-BF4B-00C04F79EFBC}") = "GuardianPRO_Web", "GuardianPRO\GuardianPRO_Web.csproj", "{7CA4B9F7-D561-408A-864A-657A2CB335D5}"
EndProject
Project("{FAE04EC0-301F-11D3-BF4B-00C04F79EFBC}") = "GuardianPRO_API", "GuardianPRO_API\GuardianPRO_API.csproj", "{1B0B602D-AF28-4752-98F5-F443D073F5E0}"
EndProject
Project("{FAE04EC0-301F-11D3-BF4B-00C04F79EFBC}") = "GuardianPRO_Desktop", "GuardianPRO_Desktop\GuardianPRO_Desktop.csproj", "{FF780F51-DAD5-4BC9-9886-F9B5595E3710}"
EndProject
Global
	GlobalSection(SolutionConfigurationPlatforms) = preSolution
		Debug|Any CPU = Debug|Any CPU
		Release|Any CPU = Release|Any CPU
	EndGlobalSection
	GlobalSection(ProjectConfigurationPlatforms) = postSolution
		{7CA4B9F7-D561-408A-864A-657A2CB335D5}.Debug|Any CPU.ActiveCfg = Debug|Any CPU
		{7CA4B9F7-D561-408A-864A-657A2CB335D5}.Debug|Any CPU.Build.0 = Debug|Any CPU
		{7CA4B9F7-D561-408A-864A-657A2CB335D5}.Release|Any CPU.ActiveCfg = Release|Any CPU
		{7CA4B9F7-D561-408A-864A-657A2CB335D5}.Release|Any CPU.Build.0 = Release|Any CPU
		{1B0B602D-AF28-4752-98F5-F443D073F5E0}.Debug|Any CPU.ActiveCfg = Debug|Any CPU
		{1B0B602D-AF28-4752-98F5-F443D073F5E0}.Debug|Any CPU.Build.0 = Debug|Any CPU
		{1B0B602D-AF28-4752-98F5-F443D073F5E0}.Release|Any CPU.ActiveCfg = Release|Any CPU
		{1B0B602D-AF28-4752-98F5-F443D073F5E0}.Release|Any CPU.Build.0 = Release|Any CPU
		{FF780F51-DAD5-4BC9-9886-F9B5595E3710}.Debug|Any CPU.ActiveCfg = Debug|Any CPU
		{FF780F51-DAD5-4BC9-9886-F9B5595E3710}.Debug|Any CPU.Build.0 = Debug|Any CPU
		{FF780F51-DAD5-4BC9-9886-F9B5595E3710}.Release|Any CPU.ActiveCfg = Release|Any CPU
		{FF780F51-DAD5-4BC9-9886-F9B5595E3710}.Release|Any CPU.Build.0 = Release|Any CPU
	EndGlobalSection
	GlobalSection(SolutionProperties) = preSolution
		HideSolutionNode = FALSE
	EndGlobalSection
	GlobalSection(ExtensibilityGlobals) = postSolution
		SolutionGuid = {BB51D5A6-DB40-4C9F-A434-8E6E75FEF504}
	EndGlobalSection
EndGlobal
